
Microsoft Visual Studio Solution File, Format Version 12.00
# Visual Studio Version 16
VisualStudioVersion = 16.0.30709.132
MinimumVisualStudioVersion = 10.0.40219.1
Project("{9A19103F-16F7-4668-BE54-9A1E7A4F7556}") = "Products", "Products\Products.csproj", "{BF6BA540-D606-405C-9EE7-698BB837853F}"
EndProject
Project("{FAE04EC0-301F-11D3-BF4B-00C04F79EFBC}") = "Gateway", "Gateway\Gateway.csproj", "{83571EB3-0230-4E3A-87EF-15279F6D5E36}"
EndProject
Project("{FAE04EC0-301F-11D3-BF4B-00C04F79EFBC}") = "Basket", "Basket\Basket.csproj", "{A229C00D-0833-4DBB-874A-8184C31FC06B}"
EndProject
Global
	GlobalSection(SolutionConfigurationPlatforms) = preSolution
		Debug|Any CPU = Debug|Any CPU
		Release|Any CPU = Release|Any CPU
	EndGlobalSection
	GlobalSection(ProjectConfigurationPlatforms) = postSolution
		{BF6BA540-D606-405C-9EE7-698BB837853F}.Debug|Any CPU.ActiveCfg = Debug|Any CPU
		{BF6BA540-D606-405C-9EE7-698BB837853F}.Debug|Any CPU.Build.0 = Debug|Any CPU
		{BF6BA540-D606-405C-9EE7-698BB837853F}.Release|Any CPU.ActiveCfg = Release|Any CPU
		{BF6BA540-D606-405C-9EE7-698BB837853F}.Release|Any CPU.Build.0 = Release|Any CPU
		{83571EB3-0230-4E3A-87EF-15279F6D5E36}.Debug|Any CPU.ActiveCfg = Debug|Any CPU
		{83571EB3-0230-4E3A-87EF-15279F6D5E36}.Debug|Any CPU.Build.0 = Debug|Any CPU
		{83571EB3-0230-4E3A-87EF-15279F6D5E36}.Release|Any CPU.ActiveCfg = Release|Any CPU
		{83571EB3-0230-4E3A-87EF-15279F6D5E36}.Release|Any CPU.Build.0 = Release|Any CPU
		{A229C00D-0833-4DBB-874A-8184C31FC06B}.Debug|Any CPU.ActiveCfg = Debug|Any CPU
		{A229C00D-0833-4DBB-874A-8184C31FC06B}.Debug|Any CPU.Build.0 = Debug|Any CPU
		{A229C00D-0833-4DBB-874A-8184C31FC06B}.Release|Any CPU.ActiveCfg = Release|Any CPU
		{A229C00D-0833-4DBB-874A-8184C31FC06B}.Release|Any CPU.Build.0 = Release|Any CPU
	EndGlobalSection
	GlobalSection(SolutionProperties) = preSolution
		HideSolutionNode = FALSE
	EndGlobalSection
	GlobalSection(ExtensibilityGlobals) = postSolution
		SolutionGuid = {F7B6A6EF-80DE-4E1B-B496-FB35B9017724}
	EndGlobalSection
EndGlobal
